# This file was autogenerated by Stack.
# You should not edit this file by hand.
# For more information, please see the documentation at:
#   https://docs.haskellstack.org/en/stable/lock_files

packages:
- completed:
    hackage: haskell-lsp-0.18.0.0@sha256:f0e04c740ed1a5520735605eeabb00570e42e786a46f53342f48817ad28f4f36,5264
    pantry-tree:
      size: 1726
      sha256: 723c4b5376038e2af2413f0ea0c8622c36e005c898e5e04f7e9aeaeb906525d0
  original:
    hackage: haskell-lsp-0.18.0.0
- completed:
    hackage: haskell-lsp-types-0.18.0.0@sha256:3e6768076c054457eef433617fd6b0f569ebdd0d9c652e2aa7232029adf7cdbe,2941
    pantry-tree:
      size: 2451
      sha256: ed80f3a1d490bd93ea63c78d2ad0cee90f14d2a17597ce99d73a43307ad2e537
  original:
    hackage: haskell-lsp-types-0.18.0.0
snapshots:
- completed:
    size: 524130
    url: https://raw.githubusercontent.com/commercialhaskell/stackage-snapshots/master/lts/14/10.yaml
    sha256: 04841e0397d7ce6364f19359fce89aa45ca8684609d665845db80d398002baa9
  original: lts-14.10
